
Microsoft Visual Studio Solution File, Format Version 12.00
# Visual Studio Version 16
VisualStudioVersion = 16.0.30523.141
MinimumVisualStudioVersion = 10.0.40219.1
Project("{FAE04EC0-301F-11D3-BF4B-00C04F79EFBC}") = "WebApi", "WebApi\WebApi.csproj", "{5BA3C599-33DB-4322-AAAD-C5C100445093}"
EndProject
Global
	GlobalSection(SolutionConfigurationPlatforms) = preSolution
		Debug|Any CPU = Debug|Any CPU
		Release|Any CPU = Release|Any CPU
	EndGlobalSection
	GlobalSection(ProjectConfigurationPlatforms) = postSolution
		{5BA3C599-33DB-4322-AAAD-C5C100445093}.Debug|Any CPU.ActiveCfg = Debug|Any CPU
		{5BA3C599-33DB-4322-AAAD-C5C100445093}.Debug|Any CPU.Build.0 = Debug|Any CPU
		{5BA3C599-33DB-4322-AAAD-C5C100445093}.Release|Any CPU.ActiveCfg = Release|Any CPU
		{5BA3C599-33DB-4322-AAAD-C5C100445093}.Release|Any CPU.Build.0 = Release|Any CPU
	EndGlobalSection
	GlobalSection(SolutionProperties) = preSolution
		HideSolutionNode = FALSE
	EndGlobalSection
	GlobalSection(ExtensibilityGlobals) = postSolution
		SolutionGuid = {9C4FD8B9-2E4E-472B-A482-F4DF966B6345}
	EndGlobalSection
EndGlobal
